
Microsoft Visual Studio Solution File, Format Version 12.00
# Visual Studio 2012
Project("{FAE04EC0-301F-11D3-BF4B-00C04F79EFBC}") = "ServiceBus.Management", "Src\ServiceBus.Management\ServiceBus.Management.csproj", "{4C6B71B2-74EF-4B9E-88FF-C56532727C6D}"
EndProject
Global
	GlobalSection(SolutionConfigurationPlatforms) = preSolution
		Debug|Any CPU = Debug|Any CPU
		Release|Any CPU = Release|Any CPU
	EndGlobalSection
	GlobalSection(ProjectConfigurationPlatforms) = postSolution
		{4C6B71B2-74EF-4B9E-88FF-C56532727C6D}.Debug|Any CPU.ActiveCfg = Debug|Any CPU
		{4C6B71B2-74EF-4B9E-88FF-C56532727C6D}.Debug|Any CPU.Build.0 = Debug|Any CPU
		{4C6B71B2-74EF-4B9E-88FF-C56532727C6D}.Release|Any CPU.ActiveCfg = Release|Any CPU
		{4C6B71B2-74EF-4B9E-88FF-C56532727C6D}.Release|Any CPU.Build.0 = Release|Any CPU
	EndGlobalSection
	GlobalSection(SolutionProperties) = preSolution
		HideSolutionNode = FALSE
	EndGlobalSection
EndGlobal
