
Microsoft Visual Studio Solution File, Format Version 12.00
# Visual Studio 15
VisualStudioVersion = 15.0.27703.2042
MinimumVisualStudioVersion = 10.0.40219.1
Project("{FAE04EC0-301F-11D3-BF4B-00C04F79EFBC}") = "FailureFirehose", "FailureFirehose\FailureFirehose.csproj", "{C6EDC1E3-9433-458D-B58E-5146EF5BF621}"
EndProject
Project("{FAE04EC0-301F-11D3-BF4B-00C04F79EFBC}") = "SagaAuditCreator", "SagaAuditCreator\SagaAuditCreator.csproj", "{F9B237D3-B34E-4682-9288-C0817403BC9D}"
EndProject
Project("{2150E333-8FDC-42A3-9474-1A3956D46DE8}") = "Solution Items", "Solution Items", "{C3CB7B14-903E-4394-946E-2A83E513F5B2}"
	ProjectSection(SolutionItems) = preProject
		Directory.Build.props = Directory.Build.props
	EndProjectSection
EndProject
Global
	GlobalSection(SolutionConfigurationPlatforms) = preSolution
		Debug|Any CPU = Debug|Any CPU
		Release|Any CPU = Release|Any CPU
	EndGlobalSection
	GlobalSection(ProjectConfigurationPlatforms) = postSolution
		{C6EDC1E3-9433-458D-B58E-5146EF5BF621}.Debug|Any CPU.ActiveCfg = Debug|Any CPU
		{C6EDC1E3-9433-458D-B58E-5146EF5BF621}.Debug|Any CPU.Build.0 = Debug|Any CPU
		{C6EDC1E3-9433-458D-B58E-5146EF5BF621}.Release|Any CPU.ActiveCfg = Release|Any CPU
		{C6EDC1E3-9433-458D-B58E-5146EF5BF621}.Release|Any CPU.Build.0 = Release|Any CPU
		{F9B237D3-B34E-4682-9288-C0817403BC9D}.Debug|Any CPU.ActiveCfg = Debug|Any CPU
		{F9B237D3-B34E-4682-9288-C0817403BC9D}.Debug|Any CPU.Build.0 = Debug|Any CPU
		{F9B237D3-B34E-4682-9288-C0817403BC9D}.Release|Any CPU.ActiveCfg = Release|Any CPU
		{F9B237D3-B34E-4682-9288-C0817403BC9D}.Release|Any CPU.Build.0 = Release|Any CPU
	EndGlobalSection
	GlobalSection(SolutionProperties) = preSolution
		HideSolutionNode = FALSE
	EndGlobalSection
	GlobalSection(ExtensibilityGlobals) = postSolution
		SolutionGuid = {8F1B8CB5-3F80-4B0A-B173-32A5783CBE93}
	EndGlobalSection
EndGlobal
