Microsoft Visual Studio Solution File, Format Version 12.00
# Visual Studio Version 17
VisualStudioVersion = 17.0.31815.197
MinimumVisualStudioVersion = 10.0.40219.1
Project("{9A19103F-16F7-4668-BE54-9A1E7A4F7556}") = "ServiceControl.UnitTests", "ServiceControl.UnitTests\ServiceControl.UnitTests.csproj", "{4F65FAE1-4C51-4BEF-956E-97C6A96807F9}"
EndProject
Project("{9A19103F-16F7-4668-BE54-9A1E7A4F7556}") = "ServiceControl", "ServiceControl\ServiceControl.csproj", "{4C6B71B2-74EF-4B9E-88FF-C56532727C6D}"
EndProject
Project("{9A19103F-16F7-4668-BE54-9A1E7A4F7556}") = "ServiceControl.AcceptanceTests", "ServiceControl.AcceptanceTests\ServiceControl.AcceptanceTests.csproj", "{A1E60657-039F-4BAB-B031-2515F86B0C3D}"
EndProject
Project("{2150E333-8FDC-42A3-9474-1A3956D46DE8}") = "Installer", "Installer", "{55C388DD-2B39-4C2F-AEBD-AFD3444815F1}"
EndProject
Project("{9A19103F-16F7-4668-BE54-9A1E7A4F7556}") = "ServiceControlInstaller.Engine", "ServiceControlInstaller.Engine\ServiceControlInstaller.Engine.csproj", "{E2F41605-F664-4EC6-9D64-1F142CC3B7B2}"
EndProject
Project("{9A19103F-16F7-4668-BE54-9A1E7A4F7556}") = "ServiceControlInstaller.PowerShell", "ServiceControlInstaller.PowerShell\ServiceControlInstaller.PowerShell.csproj", "{FA9439BF-37B4-4F27-B7E9-BE3605E66BE7}"
EndProject
Project("{9A19103F-16F7-4668-BE54-9A1E7A4F7556}") = "ServiceControlInstaller.CustomActions", "ServiceControlInstaller.CustomActions\ServiceControlInstaller.CustomActions.csproj", "{2343779D-26D4-4F9D-A42F-32E146632EF0}"
EndProject
Project("{9A19103F-16F7-4668-BE54-9A1E7A4F7556}") = "ServiceControlInstaller.Packaging", "ServiceControlInstaller.Packaging\ServiceControlInstaller.Packaging.csproj", "{15F811B7-314C-4E9E-B5E9-35596045BBC4}"
EndProject
Project("{9A19103F-16F7-4668-BE54-9A1E7A4F7556}") = "ServiceControl.Config", "ServiceControl.Config\ServiceControl.Config.csproj", "{C0EEF6D1-5DF7-4A26-9964-6376F465B085}"
	ProjectSection(ProjectDependencies) = postProject
		{15F811B7-314C-4E9E-B5E9-35596045BBC4} = {15F811B7-314C-4E9E-B5E9-35596045BBC4}
	EndProjectSection
EndProject
Project("{9A19103F-16F7-4668-BE54-9A1E7A4F7556}") = "Setup", "Setup\Setup.csproj", "{F6473A7A-01B7-4A9A-B30C-4D200BFFFE4D}"
	ProjectSection(ProjectDependencies) = postProject
		{C0EEF6D1-5DF7-4A26-9964-6376F465B085} = {C0EEF6D1-5DF7-4A26-9964-6376F465B085}
	EndProjectSection
EndProject
Project("{9A19103F-16F7-4668-BE54-9A1E7A4F7556}") = "ServiceControlInstaller.Engine.UnitTests", "ServiceControlInstaller.Engine.UnitTests\ServiceControlInstaller.Engine.UnitTests.csproj", "{C7EC4072-F74C-410D-B0C3-4C05B7C9CFB7}"
EndProject
Project("{9A19103F-16F7-4668-BE54-9A1E7A4F7556}") = "ServiceControlInstaller.CustomActions.UnitTests", "ServiceControlInstaller.CustomActions.UnitTests\ServiceControlInstaller.CustomActions.UnitTests.csproj", "{20284C68-6381-4AE9-832C-F094E996D913}"
EndProject
Project("{2150E333-8FDC-42A3-9474-1A3956D46DE8}") = "ServiceControl.Transports", "ServiceControl.Transports", "{A21A1A89-0B07-4E87-8E3C-41D9C280DCB8}"
EndProject
Project("{2150E333-8FDC-42A3-9474-1A3956D46DE8}") = "LoadTests", "LoadTests", "{B05ACC74-412F-470C-872F-D1ABD75885B5}"
EndProject
Project("{9A19103F-16F7-4668-BE54-9A1E7A4F7556}") = "ServiceControl.LoadTests.Messages", "ServiceControl.LoadTests.Messages\ServiceControl.LoadTests.Messages.csproj", "{AECE0265-F6E3-49A7-9F45-8847D359F05D}"
EndProject
Project("{9A19103F-16F7-4668-BE54-9A1E7A4F7556}") = "ServiceControl.LoadTests.AuditGenerator", "ServiceControl.LoadTests.AuditGenerator\ServiceControl.LoadTests.AuditGenerator.csproj", "{0A6BF34E-B7C3-4D3D-908F-BA74DAC4743F}"
EndProject
Project("{9A19103F-16F7-4668-BE54-9A1E7A4F7556}") = "ServiceControl.Transports.RabbitMQ", "ServiceControl.Transports.RabbitMQ\ServiceControl.Transports.RabbitMQ.csproj", "{114E51C5-8EB1-44C6-AC5A-78C8EF6C7D61}"
EndProject
Project("{9A19103F-16F7-4668-BE54-9A1E7A4F7556}") = "ServiceControl.Transports.SqlServer", "ServiceControl.Transports.SqlServer\ServiceControl.Transports.SqlServer.csproj", "{691074CB-67F0-45CE-B3DE-AC9A94AF29B4}"
EndProject
Project("{9A19103F-16F7-4668-BE54-9A1E7A4F7556}") = "ServiceControl.Transports.Msmq", "ServiceControl.Transports.Msmq\ServiceControl.Transports.Msmq.csproj", "{46F65684-6439-4199-806E-9EA4CA0AC31C}"
EndProject
Project("{9A19103F-16F7-4668-BE54-9A1E7A4F7556}") = "ServiceControl.Transports.ASQ", "ServiceControl.Transports.ASQ\ServiceControl.Transports.ASQ.csproj", "{EDA26C67-405A-4EC7-A3E6-EBAB7278E70A}"
EndProject
Project("{9A19103F-16F7-4668-BE54-9A1E7A4F7556}") = "ServiceControl.Transports.ASB", "ServiceControl.Transports.ASB\ServiceControl.Transports.ASB.csproj", "{24C5A540-EE02-4519-B000-EDA470759C5B}"
EndProject
Project("{2150E333-8FDC-42A3-9474-1A3956D46DE8}") = "Solution Items", "Solution Items", "{9D957EE6-69D7-4680-AB54-9E8839C6BDBC}"
	ProjectSection(SolutionItems) = preProject
		Custom.Build.props = Custom.Build.props
		TransitiveDependencies.Build.props = TransitiveDependencies.Build.props
	EndProjectSection
EndProject
Project("{9A19103F-16F7-4668-BE54-9A1E7A4F7556}") = "ServiceControl.Transports", "ServiceControl.Transports\ServiceControl.Transports.csproj", "{3D9E3A53-164F-4430-A6A4-D35551F5DC88}"
EndProject
Project("{9A19103F-16F7-4668-BE54-9A1E7A4F7556}") = "ServiceControl.Transports.SQS", "ServiceControl.Transports.SQS\ServiceControl.Transports.SQS.csproj", "{EFB42D88-E935-4601-AC62-62E68F81B3C3}"
EndProject
Project("{9A19103F-16F7-4668-BE54-9A1E7A4F7556}") = "ServiceControl.LoadTests.Reporter", "ServiceControl.LoadTests.Reporter\ServiceControl.LoadTests.Reporter.csproj", "{E1F20A07-DA6E-460C-ADC8-87BD1D1D8300}"
EndProject
Project("{9A19103F-16F7-4668-BE54-9A1E7A4F7556}") = "ServiceControl.Transports.ASBS", "ServiceControl.Transports.ASBS\ServiceControl.Transports.ASBS.csproj", "{D3BA37DC-FB3C-4ACC-9A4D-4CBBB7BF6A99}"
EndProject
Project("{9A19103F-16F7-4668-BE54-9A1E7A4F7556}") = "ServiceControl.Transports.Learning", "ServiceControl.Transports.Learning\ServiceControl.Transports.Learning.csproj", "{DEDC8155-F9EF-4A8D-9476-B44610AABCA1}"
EndProject
Project("{9A19103F-16F7-4668-BE54-9A1E7A4F7556}") = "Particular.PlatformSample.ServiceControl", "Particular.PlatformSample.ServiceControl\Particular.PlatformSample.ServiceControl.csproj", "{97A45FD5-CDBC-4BFC-AECB-6C09D8DE5A26}"
EndProject
Project("{9A19103F-16F7-4668-BE54-9A1E7A4F7556}") = "ServiceControl.Audit", "ServiceControl.Audit\ServiceControl.Audit.csproj", "{F8511FED-7CA1-459C-8451-FDDFD721F2ED}"
EndProject
Project("{9A19103F-16F7-4668-BE54-9A1E7A4F7556}") = "ServiceControl.Audit.AcceptanceTests", "ServiceControl.Audit.AcceptanceTests\ServiceControl.Audit.AcceptanceTests.csproj", "{943F6EFD-5054-48F4-AC34-2235FD5B79F0}"
EndProject
Project("{9A19103F-16F7-4668-BE54-9A1E7A4F7556}") = "ServiceControl.MultiInstance.AcceptanceTests", "ServiceControl.MultiInstance.AcceptanceTests\ServiceControl.MultiInstance.AcceptanceTests.csproj", "{A70BB055-CE03-4C2E-8527-AC59B0EF3192}"
EndProject
Project("{9A19103F-16F7-4668-BE54-9A1E7A4F7556}") = "ServiceControl.Audit.UnitTests", "ServiceControl.Audit.UnitTests\ServiceControl.Audit.UnitTests.csproj", "{C9020438-FCBF-4323-88A2-2901B831D358}"
EndProject
Project("{9A19103F-16F7-4668-BE54-9A1E7A4F7556}") = "ServiceControlInstaller.Packaging.UnitTests", "ServiceControlInstaller.Packaging.UnitTests\ServiceControlInstaller.Packaging.UnitTests.csproj", "{BA42A516-AC01-4B4E-9177-B62AB2CFC367}"
EndProject
Project("{9A19103F-16F7-4668-BE54-9A1E7A4F7556}") = "ServiceControl.Monitoring", "ServiceControl.Monitoring\ServiceControl.Monitoring.csproj", "{27C1CD4C-524D-4B28-9931-02A0D79F856B}"
EndProject
Project("{9A19103F-16F7-4668-BE54-9A1E7A4F7556}") = "ServiceControl.Monitoring.AcceptanceTests", "ServiceControl.Monitoring.AcceptanceTests\ServiceControl.Monitoring.AcceptanceTests.csproj", "{0E78A541-18AF-4B50-8F05-23CA25BBB793}"
EndProject
Project("{9A19103F-16F7-4668-BE54-9A1E7A4F7556}") = "ServiceControl.Monitoring.UnitTests", "ServiceControl.Monitoring.UnitTests\ServiceControl.Monitoring.UnitTests.csproj", "{1A3C57ED-8948-4B30-8C3B-F4E00C7236D6}"
EndProject
Project("{9A19103F-16F7-4668-BE54-9A1E7A4F7556}") = "ServiceControl.Transports.UnitTests", "ServiceControl.Transports.UnitTests\ServiceControl.Transports.UnitTests.csproj", "{45AC011D-6837-47E2-A428-E156A421E4C2}"
EndProject
Project("{9A19103F-16F7-4668-BE54-9A1E7A4F7556}") = "ServiceControl.AcceptanceTesting", "ServiceControl.AcceptanceTesting\ServiceControl.AcceptanceTesting.csproj", "{134DD03F-F7EA-47D3-B7A9-D5514C5D75EE}"
EndProject
Project("{9A19103F-16F7-4668-BE54-9A1E7A4F7556}") = "ServiceControl.SagaAudit", "ServiceControl.SagaAudit\ServiceControl.SagaAudit.csproj", "{25FD3DDB-B847-490C-8834-C48F828B8B6F}"
EndProject
Project("{9A19103F-16F7-4668-BE54-9A1E7A4F7556}") = "ServiceControl.Infrastructure.RavenDB", "ServiceControl.Infrastructure.RavenDB\ServiceControl.Infrastructure.RavenDB.csproj", "{6064822C-4A17-4557-A856-55DD94B96B9A}"
EndProject
Project("{9A19103F-16F7-4668-BE54-9A1E7A4F7556}") = "ServiceControl.Config.Tests", "ServiceControl.Config.Tests\ServiceControl.Config.Tests.csproj", "{9CA13A10-1F6F-495A-9623-AC62201FC0BD}"
EndProject
Project("{9A19103F-16F7-4668-BE54-9A1E7A4F7556}") = "ServiceControl.LicenseManagement", "ServiceControl.LicenseManagement\ServiceControl.LicenseManagement.csproj", "{FD1B9998-4B0C-4109-A3BC-0748F829F852}"
EndProject
Project("{9A19103F-16F7-4668-BE54-9A1E7A4F7556}") = "ServiceControl.Infrastructure.Metrics", "ServiceControl.Infrastructure.Metrics\ServiceControl.Infrastructure.Metrics.csproj", "{56422C80-6A26-46B4-AF5C-84AF08BAB1D1}"
EndProject
Project("{2150E333-8FDC-42A3-9474-1A3956D46DE8}") = "Instances", "Instances", "{B85B0A5F-8DBB-43BE-B947-D43F06C2A315}"
EndProject
Project("{2150E333-8FDC-42A3-9474-1A3956D46DE8}") = "Primary", "Primary", "{CD6E567B-C17B-4C90-87CA-F6CB941EC307}"
EndProject
Project("{2150E333-8FDC-42A3-9474-1A3956D46DE8}") = "Audit", "Audit", "{E2249BAA-D9E9-4369-9C70-0E21C69A3E56}"
EndProject
Project("{2150E333-8FDC-42A3-9474-1A3956D46DE8}") = "Monitoring", "Monitoring", "{DC6CB544-8064-4B57-A1E8-75C3364A88B6}"
EndProject
Project("{2150E333-8FDC-42A3-9474-1A3956D46DE8}") = "Shared", "Shared", "{9AF9D3C7-E859-451B-BA4D-B954D289213A}"
EndProject
Project("{2150E333-8FDC-42A3-9474-1A3956D46DE8}") = "Testing", "Testing", "{E740C4FD-4582-483A-BDA8-F9C36BD941E4}"
EndProject
Project("{2150E333-8FDC-42A3-9474-1A3956D46DE8}") = "Testing", "Testing", "{2398971F-C9F9-48B9-8B96-019C8A723A54}"
EndProject
Project("{2150E333-8FDC-42A3-9474-1A3956D46DE8}") = "Testing", "Testing", "{350F72AB-142D-4AAD-9EF1-1A83DC991D87}"
EndProject
Project("{2150E333-8FDC-42A3-9474-1A3956D46DE8}") = "Testing", "Testing", "{76C0AC5A-E7CD-4E6B-88DC-B473C4C25295}"
EndProject
Project("{2150E333-8FDC-42A3-9474-1A3956D46DE8}") = "Testing", "Testing", "{927A078A-E271-4878-A153-86D71AE510E2}"
EndProject
Project("{FAE04EC0-301F-11D3-BF4B-00C04F79EFBC}") = "ServiceControl.Infrastructure.CustomChecks", "ServiceControl.Infrastructure.CustomChecks\ServiceControl.Infrastructure.CustomChecks.csproj", "{166EE709-A76B-45A0-A047-0D5E868829A5}"
EndProject
Project("{FAE04EC0-301F-11D3-BF4B-00C04F79EFBC}") = "ServiceControl.Infrastructure.ExternalIntegration", "ServiceControl.Infrastructure.ExternalIntegration\ServiceControl.Infrastructure.ExternalIntegration.csproj", "{A2045E47-7047-44BF-90EC-119CBF9D3F11}"
EndProject
Global
	GlobalSection(SolutionConfigurationPlatforms) = preSolution
		Debug|Any CPU = Debug|Any CPU
		Release|Any CPU = Release|Any CPU
	EndGlobalSection
	GlobalSection(ProjectConfigurationPlatforms) = postSolution
		{4F65FAE1-4C51-4BEF-956E-97C6A96807F9}.Debug|Any CPU.ActiveCfg = Debug|Any CPU
		{4F65FAE1-4C51-4BEF-956E-97C6A96807F9}.Debug|Any CPU.Build.0 = Debug|Any CPU
		{4F65FAE1-4C51-4BEF-956E-97C6A96807F9}.Release|Any CPU.ActiveCfg = Release|Any CPU
		{4F65FAE1-4C51-4BEF-956E-97C6A96807F9}.Release|Any CPU.Build.0 = Release|Any CPU
		{4C6B71B2-74EF-4B9E-88FF-C56532727C6D}.Debug|Any CPU.ActiveCfg = Debug|Any CPU
		{4C6B71B2-74EF-4B9E-88FF-C56532727C6D}.Debug|Any CPU.Build.0 = Debug|Any CPU
		{4C6B71B2-74EF-4B9E-88FF-C56532727C6D}.Release|Any CPU.ActiveCfg = Release|Any CPU
		{4C6B71B2-74EF-4B9E-88FF-C56532727C6D}.Release|Any CPU.Build.0 = Release|Any CPU
		{A1E60657-039F-4BAB-B031-2515F86B0C3D}.Debug|Any CPU.ActiveCfg = Debug|Any CPU
		{A1E60657-039F-4BAB-B031-2515F86B0C3D}.Debug|Any CPU.Build.0 = Debug|Any CPU
		{A1E60657-039F-4BAB-B031-2515F86B0C3D}.Release|Any CPU.ActiveCfg = Release|Any CPU
		{A1E60657-039F-4BAB-B031-2515F86B0C3D}.Release|Any CPU.Build.0 = Release|Any CPU
		{E2F41605-F664-4EC6-9D64-1F142CC3B7B2}.Debug|Any CPU.ActiveCfg = Debug|Any CPU
		{E2F41605-F664-4EC6-9D64-1F142CC3B7B2}.Debug|Any CPU.Build.0 = Debug|Any CPU
		{E2F41605-F664-4EC6-9D64-1F142CC3B7B2}.Release|Any CPU.ActiveCfg = Release|Any CPU
		{E2F41605-F664-4EC6-9D64-1F142CC3B7B2}.Release|Any CPU.Build.0 = Release|Any CPU
		{FA9439BF-37B4-4F27-B7E9-BE3605E66BE7}.Debug|Any CPU.ActiveCfg = Debug|Any CPU
		{FA9439BF-37B4-4F27-B7E9-BE3605E66BE7}.Debug|Any CPU.Build.0 = Debug|Any CPU
		{FA9439BF-37B4-4F27-B7E9-BE3605E66BE7}.Release|Any CPU.ActiveCfg = Release|Any CPU
		{FA9439BF-37B4-4F27-B7E9-BE3605E66BE7}.Release|Any CPU.Build.0 = Release|Any CPU
		{2343779D-26D4-4F9D-A42F-32E146632EF0}.Debug|Any CPU.ActiveCfg = Debug|Any CPU
		{2343779D-26D4-4F9D-A42F-32E146632EF0}.Debug|Any CPU.Build.0 = Debug|Any CPU
		{2343779D-26D4-4F9D-A42F-32E146632EF0}.Release|Any CPU.ActiveCfg = Release|Any CPU
		{2343779D-26D4-4F9D-A42F-32E146632EF0}.Release|Any CPU.Build.0 = Release|Any CPU
		{15F811B7-314C-4E9E-B5E9-35596045BBC4}.Debug|Any CPU.ActiveCfg = Debug|Any CPU
		{15F811B7-314C-4E9E-B5E9-35596045BBC4}.Debug|Any CPU.Build.0 = Debug|Any CPU
		{15F811B7-314C-4E9E-B5E9-35596045BBC4}.Release|Any CPU.ActiveCfg = Release|Any CPU
		{15F811B7-314C-4E9E-B5E9-35596045BBC4}.Release|Any CPU.Build.0 = Release|Any CPU
		{C0EEF6D1-5DF7-4A26-9964-6376F465B085}.Debug|Any CPU.ActiveCfg = Debug|Any CPU
		{C0EEF6D1-5DF7-4A26-9964-6376F465B085}.Debug|Any CPU.Build.0 = Debug|Any CPU
		{C0EEF6D1-5DF7-4A26-9964-6376F465B085}.Release|Any CPU.ActiveCfg = Release|Any CPU
		{C0EEF6D1-5DF7-4A26-9964-6376F465B085}.Release|Any CPU.Build.0 = Release|Any CPU
		{F6473A7A-01B7-4A9A-B30C-4D200BFFFE4D}.Debug|Any CPU.ActiveCfg = Debug|Any CPU
		{F6473A7A-01B7-4A9A-B30C-4D200BFFFE4D}.Debug|Any CPU.Build.0 = Debug|Any CPU
		{F6473A7A-01B7-4A9A-B30C-4D200BFFFE4D}.Release|Any CPU.ActiveCfg = Release|Any CPU
		{F6473A7A-01B7-4A9A-B30C-4D200BFFFE4D}.Release|Any CPU.Build.0 = Release|Any CPU
		{C7EC4072-F74C-410D-B0C3-4C05B7C9CFB7}.Debug|Any CPU.ActiveCfg = Debug|Any CPU
		{C7EC4072-F74C-410D-B0C3-4C05B7C9CFB7}.Debug|Any CPU.Build.0 = Debug|Any CPU
		{C7EC4072-F74C-410D-B0C3-4C05B7C9CFB7}.Release|Any CPU.ActiveCfg = Release|Any CPU
		{C7EC4072-F74C-410D-B0C3-4C05B7C9CFB7}.Release|Any CPU.Build.0 = Release|Any CPU
		{20284C68-6381-4AE9-832C-F094E996D913}.Debug|Any CPU.ActiveCfg = Debug|Any CPU
		{20284C68-6381-4AE9-832C-F094E996D913}.Debug|Any CPU.Build.0 = Debug|Any CPU
		{20284C68-6381-4AE9-832C-F094E996D913}.Release|Any CPU.ActiveCfg = Release|Any CPU
		{20284C68-6381-4AE9-832C-F094E996D913}.Release|Any CPU.Build.0 = Release|Any CPU
		{AECE0265-F6E3-49A7-9F45-8847D359F05D}.Debug|Any CPU.ActiveCfg = Debug|Any CPU
		{AECE0265-F6E3-49A7-9F45-8847D359F05D}.Debug|Any CPU.Build.0 = Debug|Any CPU
		{AECE0265-F6E3-49A7-9F45-8847D359F05D}.Release|Any CPU.ActiveCfg = Release|Any CPU
		{AECE0265-F6E3-49A7-9F45-8847D359F05D}.Release|Any CPU.Build.0 = Release|Any CPU
		{0A6BF34E-B7C3-4D3D-908F-BA74DAC4743F}.Debug|Any CPU.ActiveCfg = Debug|Any CPU
		{0A6BF34E-B7C3-4D3D-908F-BA74DAC4743F}.Debug|Any CPU.Build.0 = Debug|Any CPU
		{0A6BF34E-B7C3-4D3D-908F-BA74DAC4743F}.Release|Any CPU.ActiveCfg = Release|Any CPU
		{0A6BF34E-B7C3-4D3D-908F-BA74DAC4743F}.Release|Any CPU.Build.0 = Release|Any CPU
		{114E51C5-8EB1-44C6-AC5A-78C8EF6C7D61}.Debug|Any CPU.ActiveCfg = Debug|Any CPU
		{114E51C5-8EB1-44C6-AC5A-78C8EF6C7D61}.Debug|Any CPU.Build.0 = Debug|Any CPU
		{114E51C5-8EB1-44C6-AC5A-78C8EF6C7D61}.Release|Any CPU.ActiveCfg = Release|Any CPU
		{114E51C5-8EB1-44C6-AC5A-78C8EF6C7D61}.Release|Any CPU.Build.0 = Release|Any CPU
		{691074CB-67F0-45CE-B3DE-AC9A94AF29B4}.Debug|Any CPU.ActiveCfg = Debug|Any CPU
		{691074CB-67F0-45CE-B3DE-AC9A94AF29B4}.Debug|Any CPU.Build.0 = Debug|Any CPU
		{691074CB-67F0-45CE-B3DE-AC9A94AF29B4}.Release|Any CPU.ActiveCfg = Release|Any CPU
		{691074CB-67F0-45CE-B3DE-AC9A94AF29B4}.Release|Any CPU.Build.0 = Release|Any CPU
		{46F65684-6439-4199-806E-9EA4CA0AC31C}.Debug|Any CPU.ActiveCfg = Debug|Any CPU
		{46F65684-6439-4199-806E-9EA4CA0AC31C}.Debug|Any CPU.Build.0 = Debug|Any CPU
		{46F65684-6439-4199-806E-9EA4CA0AC31C}.Release|Any CPU.ActiveCfg = Release|Any CPU
		{46F65684-6439-4199-806E-9EA4CA0AC31C}.Release|Any CPU.Build.0 = Release|Any CPU
		{EDA26C67-405A-4EC7-A3E6-EBAB7278E70A}.Debug|Any CPU.ActiveCfg = Debug|Any CPU
		{EDA26C67-405A-4EC7-A3E6-EBAB7278E70A}.Debug|Any CPU.Build.0 = Debug|Any CPU
		{EDA26C67-405A-4EC7-A3E6-EBAB7278E70A}.Release|Any CPU.ActiveCfg = Release|Any CPU
		{EDA26C67-405A-4EC7-A3E6-EBAB7278E70A}.Release|Any CPU.Build.0 = Release|Any CPU
		{24C5A540-EE02-4519-B000-EDA470759C5B}.Debug|Any CPU.ActiveCfg = Debug|Any CPU
		{24C5A540-EE02-4519-B000-EDA470759C5B}.Debug|Any CPU.Build.0 = Debug|Any CPU
		{24C5A540-EE02-4519-B000-EDA470759C5B}.Release|Any CPU.ActiveCfg = Release|Any CPU
		{24C5A540-EE02-4519-B000-EDA470759C5B}.Release|Any CPU.Build.0 = Release|Any CPU
		{3D9E3A53-164F-4430-A6A4-D35551F5DC88}.Debug|Any CPU.ActiveCfg = Debug|Any CPU
		{3D9E3A53-164F-4430-A6A4-D35551F5DC88}.Debug|Any CPU.Build.0 = Debug|Any CPU
		{3D9E3A53-164F-4430-A6A4-D35551F5DC88}.Release|Any CPU.ActiveCfg = Release|Any CPU
		{3D9E3A53-164F-4430-A6A4-D35551F5DC88}.Release|Any CPU.Build.0 = Release|Any CPU
		{EFB42D88-E935-4601-AC62-62E68F81B3C3}.Debug|Any CPU.ActiveCfg = Debug|Any CPU
		{EFB42D88-E935-4601-AC62-62E68F81B3C3}.Debug|Any CPU.Build.0 = Debug|Any CPU
		{EFB42D88-E935-4601-AC62-62E68F81B3C3}.Release|Any CPU.ActiveCfg = Release|Any CPU
		{EFB42D88-E935-4601-AC62-62E68F81B3C3}.Release|Any CPU.Build.0 = Release|Any CPU
		{E1F20A07-DA6E-460C-ADC8-87BD1D1D8300}.Debug|Any CPU.ActiveCfg = Debug|Any CPU
		{E1F20A07-DA6E-460C-ADC8-87BD1D1D8300}.Debug|Any CPU.Build.0 = Debug|Any CPU
		{E1F20A07-DA6E-460C-ADC8-87BD1D1D8300}.Release|Any CPU.ActiveCfg = Release|Any CPU
		{E1F20A07-DA6E-460C-ADC8-87BD1D1D8300}.Release|Any CPU.Build.0 = Release|Any CPU
		{D3BA37DC-FB3C-4ACC-9A4D-4CBBB7BF6A99}.Debug|Any CPU.ActiveCfg = Debug|Any CPU
		{D3BA37DC-FB3C-4ACC-9A4D-4CBBB7BF6A99}.Debug|Any CPU.Build.0 = Debug|Any CPU
		{D3BA37DC-FB3C-4ACC-9A4D-4CBBB7BF6A99}.Release|Any CPU.ActiveCfg = Release|Any CPU
		{D3BA37DC-FB3C-4ACC-9A4D-4CBBB7BF6A99}.Release|Any CPU.Build.0 = Release|Any CPU
		{DEDC8155-F9EF-4A8D-9476-B44610AABCA1}.Debug|Any CPU.ActiveCfg = Debug|Any CPU
		{DEDC8155-F9EF-4A8D-9476-B44610AABCA1}.Debug|Any CPU.Build.0 = Debug|Any CPU
		{DEDC8155-F9EF-4A8D-9476-B44610AABCA1}.Release|Any CPU.ActiveCfg = Release|Any CPU
		{DEDC8155-F9EF-4A8D-9476-B44610AABCA1}.Release|Any CPU.Build.0 = Release|Any CPU
		{97A45FD5-CDBC-4BFC-AECB-6C09D8DE5A26}.Debug|Any CPU.ActiveCfg = Debug|Any CPU
		{97A45FD5-CDBC-4BFC-AECB-6C09D8DE5A26}.Debug|Any CPU.Build.0 = Debug|Any CPU
		{97A45FD5-CDBC-4BFC-AECB-6C09D8DE5A26}.Release|Any CPU.ActiveCfg = Release|Any CPU
		{97A45FD5-CDBC-4BFC-AECB-6C09D8DE5A26}.Release|Any CPU.Build.0 = Release|Any CPU
		{F8511FED-7CA1-459C-8451-FDDFD721F2ED}.Debug|Any CPU.ActiveCfg = Debug|Any CPU
		{F8511FED-7CA1-459C-8451-FDDFD721F2ED}.Debug|Any CPU.Build.0 = Debug|Any CPU
		{F8511FED-7CA1-459C-8451-FDDFD721F2ED}.Release|Any CPU.ActiveCfg = Release|Any CPU
		{F8511FED-7CA1-459C-8451-FDDFD721F2ED}.Release|Any CPU.Build.0 = Release|Any CPU
		{943F6EFD-5054-48F4-AC34-2235FD5B79F0}.Debug|Any CPU.ActiveCfg = Debug|Any CPU
		{943F6EFD-5054-48F4-AC34-2235FD5B79F0}.Debug|Any CPU.Build.0 = Debug|Any CPU
		{943F6EFD-5054-48F4-AC34-2235FD5B79F0}.Release|Any CPU.ActiveCfg = Release|Any CPU
		{943F6EFD-5054-48F4-AC34-2235FD5B79F0}.Release|Any CPU.Build.0 = Release|Any CPU
		{A70BB055-CE03-4C2E-8527-AC59B0EF3192}.Debug|Any CPU.ActiveCfg = Debug|Any CPU
		{A70BB055-CE03-4C2E-8527-AC59B0EF3192}.Debug|Any CPU.Build.0 = Debug|Any CPU
		{A70BB055-CE03-4C2E-8527-AC59B0EF3192}.Release|Any CPU.ActiveCfg = Release|Any CPU
		{A70BB055-CE03-4C2E-8527-AC59B0EF3192}.Release|Any CPU.Build.0 = Release|Any CPU
		{C9020438-FCBF-4323-88A2-2901B831D358}.Debug|Any CPU.ActiveCfg = Debug|Any CPU
		{C9020438-FCBF-4323-88A2-2901B831D358}.Debug|Any CPU.Build.0 = Debug|Any CPU
		{C9020438-FCBF-4323-88A2-2901B831D358}.Release|Any CPU.ActiveCfg = Release|Any CPU
		{C9020438-FCBF-4323-88A2-2901B831D358}.Release|Any CPU.Build.0 = Release|Any CPU
		{BA42A516-AC01-4B4E-9177-B62AB2CFC367}.Debug|Any CPU.ActiveCfg = Debug|Any CPU
		{BA42A516-AC01-4B4E-9177-B62AB2CFC367}.Debug|Any CPU.Build.0 = Debug|Any CPU
		{BA42A516-AC01-4B4E-9177-B62AB2CFC367}.Release|Any CPU.ActiveCfg = Release|Any CPU
		{BA42A516-AC01-4B4E-9177-B62AB2CFC367}.Release|Any CPU.Build.0 = Release|Any CPU
		{27C1CD4C-524D-4B28-9931-02A0D79F856B}.Debug|Any CPU.ActiveCfg = Debug|Any CPU
		{27C1CD4C-524D-4B28-9931-02A0D79F856B}.Debug|Any CPU.Build.0 = Debug|Any CPU
		{27C1CD4C-524D-4B28-9931-02A0D79F856B}.Release|Any CPU.ActiveCfg = Release|Any CPU
		{27C1CD4C-524D-4B28-9931-02A0D79F856B}.Release|Any CPU.Build.0 = Release|Any CPU
		{0E78A541-18AF-4B50-8F05-23CA25BBB793}.Debug|Any CPU.ActiveCfg = Debug|Any CPU
		{0E78A541-18AF-4B50-8F05-23CA25BBB793}.Debug|Any CPU.Build.0 = Debug|Any CPU
		{0E78A541-18AF-4B50-8F05-23CA25BBB793}.Release|Any CPU.ActiveCfg = Release|Any CPU
		{0E78A541-18AF-4B50-8F05-23CA25BBB793}.Release|Any CPU.Build.0 = Release|Any CPU
		{1A3C57ED-8948-4B30-8C3B-F4E00C7236D6}.Debug|Any CPU.ActiveCfg = Debug|Any CPU
		{1A3C57ED-8948-4B30-8C3B-F4E00C7236D6}.Debug|Any CPU.Build.0 = Debug|Any CPU
		{1A3C57ED-8948-4B30-8C3B-F4E00C7236D6}.Release|Any CPU.ActiveCfg = Release|Any CPU
		{1A3C57ED-8948-4B30-8C3B-F4E00C7236D6}.Release|Any CPU.Build.0 = Release|Any CPU
		{45AC011D-6837-47E2-A428-E156A421E4C2}.Debug|Any CPU.ActiveCfg = Debug|Any CPU
		{45AC011D-6837-47E2-A428-E156A421E4C2}.Debug|Any CPU.Build.0 = Debug|Any CPU
		{45AC011D-6837-47E2-A428-E156A421E4C2}.Release|Any CPU.ActiveCfg = Release|Any CPU
		{45AC011D-6837-47E2-A428-E156A421E4C2}.Release|Any CPU.Build.0 = Release|Any CPU
		{134DD03F-F7EA-47D3-B7A9-D5514C5D75EE}.Debug|Any CPU.ActiveCfg = Debug|Any CPU
		{134DD03F-F7EA-47D3-B7A9-D5514C5D75EE}.Debug|Any CPU.Build.0 = Debug|Any CPU
		{134DD03F-F7EA-47D3-B7A9-D5514C5D75EE}.Release|Any CPU.ActiveCfg = Release|Any CPU
		{134DD03F-F7EA-47D3-B7A9-D5514C5D75EE}.Release|Any CPU.Build.0 = Release|Any CPU
		{25FD3DDB-B847-490C-8834-C48F828B8B6F}.Debug|Any CPU.ActiveCfg = Debug|Any CPU
		{25FD3DDB-B847-490C-8834-C48F828B8B6F}.Debug|Any CPU.Build.0 = Debug|Any CPU
		{25FD3DDB-B847-490C-8834-C48F828B8B6F}.Release|Any CPU.ActiveCfg = Release|Any CPU
		{25FD3DDB-B847-490C-8834-C48F828B8B6F}.Release|Any CPU.Build.0 = Release|Any CPU
		{6064822C-4A17-4557-A856-55DD94B96B9A}.Debug|Any CPU.ActiveCfg = Debug|Any CPU
		{6064822C-4A17-4557-A856-55DD94B96B9A}.Debug|Any CPU.Build.0 = Debug|Any CPU
		{6064822C-4A17-4557-A856-55DD94B96B9A}.Release|Any CPU.ActiveCfg = Release|Any CPU
		{6064822C-4A17-4557-A856-55DD94B96B9A}.Release|Any CPU.Build.0 = Release|Any CPU
		{9CA13A10-1F6F-495A-9623-AC62201FC0BD}.Debug|Any CPU.ActiveCfg = Debug|Any CPU
		{9CA13A10-1F6F-495A-9623-AC62201FC0BD}.Debug|Any CPU.Build.0 = Debug|Any CPU
		{9CA13A10-1F6F-495A-9623-AC62201FC0BD}.Release|Any CPU.ActiveCfg = Release|Any CPU
		{9CA13A10-1F6F-495A-9623-AC62201FC0BD}.Release|Any CPU.Build.0 = Release|Any CPU
		{FD1B9998-4B0C-4109-A3BC-0748F829F852}.Debug|Any CPU.ActiveCfg = Debug|Any CPU
		{FD1B9998-4B0C-4109-A3BC-0748F829F852}.Debug|Any CPU.Build.0 = Debug|Any CPU
		{FD1B9998-4B0C-4109-A3BC-0748F829F852}.Release|Any CPU.ActiveCfg = Release|Any CPU
		{FD1B9998-4B0C-4109-A3BC-0748F829F852}.Release|Any CPU.Build.0 = Release|Any CPU
		{56422C80-6A26-46B4-AF5C-84AF08BAB1D1}.Debug|Any CPU.ActiveCfg = Debug|Any CPU
		{56422C80-6A26-46B4-AF5C-84AF08BAB1D1}.Debug|Any CPU.Build.0 = Debug|Any CPU
		{56422C80-6A26-46B4-AF5C-84AF08BAB1D1}.Release|Any CPU.ActiveCfg = Release|Any CPU
		{56422C80-6A26-46B4-AF5C-84AF08BAB1D1}.Release|Any CPU.Build.0 = Release|Any CPU
		{166EE709-A76B-45A0-A047-0D5E868829A5}.Debug|Any CPU.ActiveCfg = Debug|Any CPU
		{166EE709-A76B-45A0-A047-0D5E868829A5}.Debug|Any CPU.Build.0 = Debug|Any CPU
		{166EE709-A76B-45A0-A047-0D5E868829A5}.Release|Any CPU.ActiveCfg = Release|Any CPU
		{166EE709-A76B-45A0-A047-0D5E868829A5}.Release|Any CPU.Build.0 = Release|Any CPU
		{A2045E47-7047-44BF-90EC-119CBF9D3F11}.Debug|Any CPU.ActiveCfg = Debug|Any CPU
		{A2045E47-7047-44BF-90EC-119CBF9D3F11}.Debug|Any CPU.Build.0 = Debug|Any CPU
		{A2045E47-7047-44BF-90EC-119CBF9D3F11}.Release|Any CPU.ActiveCfg = Release|Any CPU
		{A2045E47-7047-44BF-90EC-119CBF9D3F11}.Release|Any CPU.Build.0 = Release|Any CPU
	EndGlobalSection
	GlobalSection(SolutionProperties) = preSolution
		HideSolutionNode = FALSE
	EndGlobalSection
	GlobalSection(NestedProjects) = preSolution
		{4F65FAE1-4C51-4BEF-956E-97C6A96807F9} = {350F72AB-142D-4AAD-9EF1-1A83DC991D87}
		{4C6B71B2-74EF-4B9E-88FF-C56532727C6D} = {CD6E567B-C17B-4C90-87CA-F6CB941EC307}
		{A1E60657-039F-4BAB-B031-2515F86B0C3D} = {350F72AB-142D-4AAD-9EF1-1A83DC991D87}
		{E2F41605-F664-4EC6-9D64-1F142CC3B7B2} = {55C388DD-2B39-4C2F-AEBD-AFD3444815F1}
		{FA9439BF-37B4-4F27-B7E9-BE3605E66BE7} = {55C388DD-2B39-4C2F-AEBD-AFD3444815F1}
		{2343779D-26D4-4F9D-A42F-32E146632EF0} = {55C388DD-2B39-4C2F-AEBD-AFD3444815F1}
		{15F811B7-314C-4E9E-B5E9-35596045BBC4} = {55C388DD-2B39-4C2F-AEBD-AFD3444815F1}
		{C0EEF6D1-5DF7-4A26-9964-6376F465B085} = {55C388DD-2B39-4C2F-AEBD-AFD3444815F1}
		{F6473A7A-01B7-4A9A-B30C-4D200BFFFE4D} = {55C388DD-2B39-4C2F-AEBD-AFD3444815F1}
		{C7EC4072-F74C-410D-B0C3-4C05B7C9CFB7} = {927A078A-E271-4878-A153-86D71AE510E2}
		{20284C68-6381-4AE9-832C-F094E996D913} = {927A078A-E271-4878-A153-86D71AE510E2}
		{AECE0265-F6E3-49A7-9F45-8847D359F05D} = {B05ACC74-412F-470C-872F-D1ABD75885B5}
		{0A6BF34E-B7C3-4D3D-908F-BA74DAC4743F} = {B05ACC74-412F-470C-872F-D1ABD75885B5}
		{114E51C5-8EB1-44C6-AC5A-78C8EF6C7D61} = {A21A1A89-0B07-4E87-8E3C-41D9C280DCB8}
		{691074CB-67F0-45CE-B3DE-AC9A94AF29B4} = {A21A1A89-0B07-4E87-8E3C-41D9C280DCB8}
		{46F65684-6439-4199-806E-9EA4CA0AC31C} = {A21A1A89-0B07-4E87-8E3C-41D9C280DCB8}
		{EDA26C67-405A-4EC7-A3E6-EBAB7278E70A} = {A21A1A89-0B07-4E87-8E3C-41D9C280DCB8}
		{24C5A540-EE02-4519-B000-EDA470759C5B} = {A21A1A89-0B07-4E87-8E3C-41D9C280DCB8}
		{3D9E3A53-164F-4430-A6A4-D35551F5DC88} = {A21A1A89-0B07-4E87-8E3C-41D9C280DCB8}
		{EFB42D88-E935-4601-AC62-62E68F81B3C3} = {A21A1A89-0B07-4E87-8E3C-41D9C280DCB8}
		{E1F20A07-DA6E-460C-ADC8-87BD1D1D8300} = {B05ACC74-412F-470C-872F-D1ABD75885B5}
		{D3BA37DC-FB3C-4ACC-9A4D-4CBBB7BF6A99} = {A21A1A89-0B07-4E87-8E3C-41D9C280DCB8}
		{DEDC8155-F9EF-4A8D-9476-B44610AABCA1} = {A21A1A89-0B07-4E87-8E3C-41D9C280DCB8}
		{F8511FED-7CA1-459C-8451-FDDFD721F2ED} = {E2249BAA-D9E9-4369-9C70-0E21C69A3E56}
		{943F6EFD-5054-48F4-AC34-2235FD5B79F0} = {E740C4FD-4582-483A-BDA8-F9C36BD941E4}
		{A70BB055-CE03-4C2E-8527-AC59B0EF3192} = {76C0AC5A-E7CD-4E6B-88DC-B473C4C25295}
		{C9020438-FCBF-4323-88A2-2901B831D358} = {E740C4FD-4582-483A-BDA8-F9C36BD941E4}
		{BA42A516-AC01-4B4E-9177-B62AB2CFC367} = {927A078A-E271-4878-A153-86D71AE510E2}
		{27C1CD4C-524D-4B28-9931-02A0D79F856B} = {DC6CB544-8064-4B57-A1E8-75C3364A88B6}
		{0E78A541-18AF-4B50-8F05-23CA25BBB793} = {2398971F-C9F9-48B9-8B96-019C8A723A54}
		{1A3C57ED-8948-4B30-8C3B-F4E00C7236D6} = {2398971F-C9F9-48B9-8B96-019C8A723A54}
		{45AC011D-6837-47E2-A428-E156A421E4C2} = {A21A1A89-0B07-4E87-8E3C-41D9C280DCB8}
		{134DD03F-F7EA-47D3-B7A9-D5514C5D75EE} = {76C0AC5A-E7CD-4E6B-88DC-B473C4C25295}
		{25FD3DDB-B847-490C-8834-C48F828B8B6F} = {9AF9D3C7-E859-451B-BA4D-B954D289213A}
		{6064822C-4A17-4557-A856-55DD94B96B9A} = {9AF9D3C7-E859-451B-BA4D-B954D289213A}
		{9CA13A10-1F6F-495A-9623-AC62201FC0BD} = {927A078A-E271-4878-A153-86D71AE510E2}
		{FD1B9998-4B0C-4109-A3BC-0748F829F852} = {9AF9D3C7-E859-451B-BA4D-B954D289213A}
		{56422C80-6A26-46B4-AF5C-84AF08BAB1D1} = {9AF9D3C7-E859-451B-BA4D-B954D289213A}
		{CD6E567B-C17B-4C90-87CA-F6CB941EC307} = {B85B0A5F-8DBB-43BE-B947-D43F06C2A315}
		{E2249BAA-D9E9-4369-9C70-0E21C69A3E56} = {B85B0A5F-8DBB-43BE-B947-D43F06C2A315}
		{DC6CB544-8064-4B57-A1E8-75C3364A88B6} = {B85B0A5F-8DBB-43BE-B947-D43F06C2A315}
		{9AF9D3C7-E859-451B-BA4D-B954D289213A} = {B85B0A5F-8DBB-43BE-B947-D43F06C2A315}
		{E740C4FD-4582-483A-BDA8-F9C36BD941E4} = {E2249BAA-D9E9-4369-9C70-0E21C69A3E56}
		{2398971F-C9F9-48B9-8B96-019C8A723A54} = {DC6CB544-8064-4B57-A1E8-75C3364A88B6}
		{350F72AB-142D-4AAD-9EF1-1A83DC991D87} = {CD6E567B-C17B-4C90-87CA-F6CB941EC307}
		{76C0AC5A-E7CD-4E6B-88DC-B473C4C25295} = {9AF9D3C7-E859-451B-BA4D-B954D289213A}
		{927A078A-E271-4878-A153-86D71AE510E2} = {55C388DD-2B39-4C2F-AEBD-AFD3444815F1}
		{166EE709-A76B-45A0-A047-0D5E868829A5} = {9AF9D3C7-E859-451B-BA4D-B954D289213A}
		{A2045E47-7047-44BF-90EC-119CBF9D3F11} = {9AF9D3C7-E859-451B-BA4D-B954D289213A}
	EndGlobalSection
	GlobalSection(ExtensibilityGlobals) = postSolution
		SolutionGuid = {3B9E5B72-F580-465A-A22C-2D2148AF4EB4}
	EndGlobalSection
EndGlobal
