
Microsoft Visual Studio Solution File, Format Version 12.00
# Visual Studio 2013
VisualStudioVersion = 12.0.21005.1
MinimumVisualStudioVersion = 10.0.40219.1
Project("{FAE04EC0-301F-11D3-BF4B-00C04F79EFBC}") = "ServiceControl.EndpointPlugin", "ServiceControl.EndpointPlugin\ServiceControl.EndpointPlugin.csproj", "{07393FA7-8577-42D7-8FE4-3C4D955A5A31}"
EndProject
Project("{FAE04EC0-301F-11D3-BF4B-00C04F79EFBC}") = "ServiceControl.UnitTests", "ServiceControl.UnitTests\ServiceControl.UnitTests.csproj", "{4F65FAE1-4C51-4BEF-956E-97C6A96807F9}"
EndProject
Project("{FAE04EC0-301F-11D3-BF4B-00C04F79EFBC}") = "ServiceControl", "ServiceControl\ServiceControl.csproj", "{4C6B71B2-74EF-4B9E-88FF-C56532727C6D}"
EndProject
Project("{FAE04EC0-301F-11D3-BF4B-00C04F79EFBC}") = "ServiceControl.AcceptanceTests", "ServiceControl.AcceptanceTests\ServiceControl.AcceptanceTests.csproj", "{A1E60657-039F-4BAB-B031-2515F86B0C3D}"
EndProject
Project("{FAE04EC0-301F-11D3-BF4B-00C04F79EFBC}") = "ServiceControl.EndpointPlugin.Messages", "ServiceControl.EndpointPlugin.Messages\ServiceControl.EndpointPlugin.Messages.csproj", "{D2D40B1E-9FB5-4A3E-B4CD-B04B0882690B}"
EndProject
Project("{2150E333-8FDC-42A3-9474-1A3956D46DE8}") = "Plugins", "Plugins", "{F1ECC986-9583-469E-AC58-727DDB74FF15}"
EndProject
Project("{FAE04EC0-301F-11D3-BF4B-00C04F79EFBC}") = "ServiceControl.Plugin.DebugSession", "ServiceControl.Plugin.DebugSession\ServiceControl.Plugin.DebugSession.csproj", "{1600753B-62AC-4C27-A171-EC887718D06D}"
EndProject
Project("{FAE04EC0-301F-11D3-BF4B-00C04F79EFBC}") = "ServiceControl.Plugin.Heartbeat", "ServiceControl.Plugin.Heartbeat\ServiceControl.Plugin.Heartbeat.csproj", "{842C0A62-348B-4E78-B9F1-EC931CDDD562}"
EndProject
Project("{2150E333-8FDC-42A3-9474-1A3956D46DE8}") = "Shared", "Shared", "{290D5F7D-AA5D-429F-A95D-DA820B2BB1B2}"
	ProjectSection(SolutionItems) = preProject
		ServiceControl.Plugin.Shared\ServiceControlBackend.cs = ServiceControl.Plugin.Shared\ServiceControlBackend.cs
	EndProjectSection
EndProject
Project("{2150E333-8FDC-42A3-9474-1A3956D46DE8}") = "Messages", "Messages", "{37877FBD-610F-4AA5-8EAA-60E69F438869}"
	ProjectSection(SolutionItems) = preProject
		ServiceControl.Plugin.Shared\Messages\EndpointHeartbeat.cs = ServiceControl.Plugin.Shared\Messages\EndpointHeartbeat.cs
	EndProjectSection
EndProject
Global
	GlobalSection(SolutionConfigurationPlatforms) = preSolution
		Debug|Any CPU = Debug|Any CPU
		Release|Any CPU = Release|Any CPU
	EndGlobalSection
	GlobalSection(ProjectConfigurationPlatforms) = postSolution
		{07393FA7-8577-42D7-8FE4-3C4D955A5A31}.Debug|Any CPU.ActiveCfg = Debug|Any CPU
		{07393FA7-8577-42D7-8FE4-3C4D955A5A31}.Debug|Any CPU.Build.0 = Debug|Any CPU
		{07393FA7-8577-42D7-8FE4-3C4D955A5A31}.Release|Any CPU.ActiveCfg = Release|Any CPU
		{07393FA7-8577-42D7-8FE4-3C4D955A5A31}.Release|Any CPU.Build.0 = Release|Any CPU
		{4F65FAE1-4C51-4BEF-956E-97C6A96807F9}.Debug|Any CPU.ActiveCfg = Debug|Any CPU
		{4F65FAE1-4C51-4BEF-956E-97C6A96807F9}.Debug|Any CPU.Build.0 = Debug|Any CPU
		{4F65FAE1-4C51-4BEF-956E-97C6A96807F9}.Release|Any CPU.ActiveCfg = Release|Any CPU
		{4F65FAE1-4C51-4BEF-956E-97C6A96807F9}.Release|Any CPU.Build.0 = Release|Any CPU
		{4C6B71B2-74EF-4B9E-88FF-C56532727C6D}.Debug|Any CPU.ActiveCfg = Debug|Any CPU
		{4C6B71B2-74EF-4B9E-88FF-C56532727C6D}.Debug|Any CPU.Build.0 = Debug|Any CPU
		{4C6B71B2-74EF-4B9E-88FF-C56532727C6D}.Release|Any CPU.ActiveCfg = Release|Any CPU
		{4C6B71B2-74EF-4B9E-88FF-C56532727C6D}.Release|Any CPU.Build.0 = Release|Any CPU
		{A1E60657-039F-4BAB-B031-2515F86B0C3D}.Debug|Any CPU.ActiveCfg = Debug|Any CPU
		{A1E60657-039F-4BAB-B031-2515F86B0C3D}.Debug|Any CPU.Build.0 = Debug|Any CPU
		{A1E60657-039F-4BAB-B031-2515F86B0C3D}.Release|Any CPU.ActiveCfg = Release|Any CPU
		{A1E60657-039F-4BAB-B031-2515F86B0C3D}.Release|Any CPU.Build.0 = Release|Any CPU
		{D2D40B1E-9FB5-4A3E-B4CD-B04B0882690B}.Debug|Any CPU.ActiveCfg = Debug|Any CPU
		{D2D40B1E-9FB5-4A3E-B4CD-B04B0882690B}.Debug|Any CPU.Build.0 = Debug|Any CPU
		{D2D40B1E-9FB5-4A3E-B4CD-B04B0882690B}.Release|Any CPU.ActiveCfg = Release|Any CPU
		{D2D40B1E-9FB5-4A3E-B4CD-B04B0882690B}.Release|Any CPU.Build.0 = Release|Any CPU
		{1600753B-62AC-4C27-A171-EC887718D06D}.Debug|Any CPU.ActiveCfg = Debug|Any CPU
		{1600753B-62AC-4C27-A171-EC887718D06D}.Debug|Any CPU.Build.0 = Debug|Any CPU
		{1600753B-62AC-4C27-A171-EC887718D06D}.Release|Any CPU.ActiveCfg = Release|Any CPU
		{1600753B-62AC-4C27-A171-EC887718D06D}.Release|Any CPU.Build.0 = Release|Any CPU
		{842C0A62-348B-4E78-B9F1-EC931CDDD562}.Debug|Any CPU.ActiveCfg = Debug|Any CPU
		{842C0A62-348B-4E78-B9F1-EC931CDDD562}.Debug|Any CPU.Build.0 = Debug|Any CPU
		{842C0A62-348B-4E78-B9F1-EC931CDDD562}.Release|Any CPU.ActiveCfg = Release|Any CPU
		{842C0A62-348B-4E78-B9F1-EC931CDDD562}.Release|Any CPU.Build.0 = Release|Any CPU
	EndGlobalSection
	GlobalSection(SolutionProperties) = preSolution
		HideSolutionNode = FALSE
	EndGlobalSection
	GlobalSection(NestedProjects) = preSolution
		{D2D40B1E-9FB5-4A3E-B4CD-B04B0882690B} = {F1ECC986-9583-469E-AC58-727DDB74FF15}
		{07393FA7-8577-42D7-8FE4-3C4D955A5A31} = {F1ECC986-9583-469E-AC58-727DDB74FF15}
		{1600753B-62AC-4C27-A171-EC887718D06D} = {F1ECC986-9583-469E-AC58-727DDB74FF15}
		{842C0A62-348B-4E78-B9F1-EC931CDDD562} = {F1ECC986-9583-469E-AC58-727DDB74FF15}
		{290D5F7D-AA5D-429F-A95D-DA820B2BB1B2} = {F1ECC986-9583-469E-AC58-727DDB74FF15}
		{37877FBD-610F-4AA5-8EAA-60E69F438869} = {290D5F7D-AA5D-429F-A95D-DA820B2BB1B2}
	EndGlobalSection
EndGlobal
