
Microsoft Visual Studio Solution File, Format Version 12.00
# Visual Studio 2012
Project("{FAE04EC0-301F-11D3-BF4B-00C04F79EFBC}") = "ServiceControl.EndpointPlugin", "ServiceControl.EndpointPlugin\ServiceControl.EndpointPlugin.csproj", "{07393FA7-8577-42D7-8FE4-3C4D955A5A31}"
EndProject
Project("{FAE04EC0-301F-11D3-BF4B-00C04F79EFBC}") = "ServiceControl.UnitTests", "ServiceControl.UnitTests\ServiceControl.UnitTests.csproj", "{4F65FAE1-4C51-4BEF-956E-97C6A96807F9}"
EndProject
Project("{FAE04EC0-301F-11D3-BF4B-00C04F79EFBC}") = "ServiceControl", "ServiceControl\ServiceControl.csproj", "{4C6B71B2-74EF-4B9E-88FF-C56532727C6D}"
EndProject
Project("{FAE04EC0-301F-11D3-BF4B-00C04F79EFBC}") = "ServiceControl.AcceptanceTests", "ServiceControl.AcceptanceTests\ServiceControl.AcceptanceTests.csproj", "{A1E60657-039F-4BAB-B031-2515F86B0C3D}"
EndProject
Project("{FAE04EC0-301F-11D3-BF4B-00C04F79EFBC}") = "ServiceControl.EndpointPlugin.Messages", "ServiceControl.EndpointPlugin.Messages\ServiceControl.EndpointPlugin.Messages.csproj", "{D2D40B1E-9FB5-4A3E-B4CD-B04B0882690B}"
EndProject
Global
	GlobalSection(SolutionConfigurationPlatforms) = preSolution
		Debug|Any CPU = Debug|Any CPU
		Release|Any CPU = Release|Any CPU
	EndGlobalSection
	GlobalSection(ProjectConfigurationPlatforms) = postSolution
		{07393FA7-8577-42D7-8FE4-3C4D955A5A31}.Debug|Any CPU.ActiveCfg = Debug|Any CPU
		{07393FA7-8577-42D7-8FE4-3C4D955A5A31}.Debug|Any CPU.Build.0 = Debug|Any CPU
		{07393FA7-8577-42D7-8FE4-3C4D955A5A31}.Release|Any CPU.ActiveCfg = Release|Any CPU
		{07393FA7-8577-42D7-8FE4-3C4D955A5A31}.Release|Any CPU.Build.0 = Release|Any CPU
		{4F65FAE1-4C51-4BEF-956E-97C6A96807F9}.Debug|Any CPU.ActiveCfg = Debug|Any CPU
		{4F65FAE1-4C51-4BEF-956E-97C6A96807F9}.Debug|Any CPU.Build.0 = Debug|Any CPU
		{4F65FAE1-4C51-4BEF-956E-97C6A96807F9}.Release|Any CPU.ActiveCfg = Release|Any CPU
		{4F65FAE1-4C51-4BEF-956E-97C6A96807F9}.Release|Any CPU.Build.0 = Release|Any CPU
		{4C6B71B2-74EF-4B9E-88FF-C56532727C6D}.Debug|Any CPU.ActiveCfg = Debug|Any CPU
		{4C6B71B2-74EF-4B9E-88FF-C56532727C6D}.Debug|Any CPU.Build.0 = Debug|Any CPU
		{4C6B71B2-74EF-4B9E-88FF-C56532727C6D}.Release|Any CPU.ActiveCfg = Release|Any CPU
		{4C6B71B2-74EF-4B9E-88FF-C56532727C6D}.Release|Any CPU.Build.0 = Release|Any CPU
		{A1E60657-039F-4BAB-B031-2515F86B0C3D}.Debug|Any CPU.ActiveCfg = Debug|Any CPU
		{A1E60657-039F-4BAB-B031-2515F86B0C3D}.Debug|Any CPU.Build.0 = Debug|Any CPU
		{A1E60657-039F-4BAB-B031-2515F86B0C3D}.Release|Any CPU.ActiveCfg = Release|Any CPU
		{A1E60657-039F-4BAB-B031-2515F86B0C3D}.Release|Any CPU.Build.0 = Release|Any CPU
		{D2D40B1E-9FB5-4A3E-B4CD-B04B0882690B}.Debug|Any CPU.ActiveCfg = Debug|Any CPU
		{D2D40B1E-9FB5-4A3E-B4CD-B04B0882690B}.Debug|Any CPU.Build.0 = Debug|Any CPU
		{D2D40B1E-9FB5-4A3E-B4CD-B04B0882690B}.Release|Any CPU.ActiveCfg = Release|Any CPU
		{D2D40B1E-9FB5-4A3E-B4CD-B04B0882690B}.Release|Any CPU.Build.0 = Release|Any CPU
	EndGlobalSection
	GlobalSection(SolutionProperties) = preSolution
		HideSolutionNode = FALSE
	EndGlobalSection
EndGlobal
